
Microsoft Visual Studio Solution File, Format Version 12.00
# Visual Studio Version 17
VisualStudioVersion = 17.0.32112.339
MinimumVisualStudioVersion = 10.0.40219.1
Project("{9A19103F-16F7-4668-BE54-9A1E7A4F7556}") = "Models", "Classes\Models.csproj", "{A40BAC58-7AF7-45B5-92F9-CF3AD01BA441}"
EndProject
Project("{9A19103F-16F7-4668-BE54-9A1E7A4F7556}") = "DataContext", "DbContext\DataContext.csproj", "{E94AE813-9A32-4F89-BEB0-936E06755B9E}"
EndProject
Project("{2150E333-8FDC-42A3-9474-1A3956D46DE8}") = "Solution Items", "Solution Items", "{C6155A14-7123-4DB2-ADFF-90F0095F4793}"
	ProjectSection(SolutionItems) = preProject
		.editorconfig = .editorconfig
	EndProjectSection
EndProject
Project("{9A19103F-16F7-4668-BE54-9A1E7A4F7556}") = "Project", "Project\Project.csproj", "{5EC00040-EACE-4E82-A7F6-ABFBD37275F2}"
EndProject
Global
	GlobalSection(SolutionConfigurationPlatforms) = preSolution
		Debug|Any CPU = Debug|Any CPU
		Release|Any CPU = Release|Any CPU
	EndGlobalSection
	GlobalSection(ProjectConfigurationPlatforms) = postSolution
		{A40BAC58-7AF7-45B5-92F9-CF3AD01BA441}.Debug|Any CPU.ActiveCfg = Debug|Any CPU
		{A40BAC58-7AF7-45B5-92F9-CF3AD01BA441}.Debug|Any CPU.Build.0 = Debug|Any CPU
		{A40BAC58-7AF7-45B5-92F9-CF3AD01BA441}.Release|Any CPU.ActiveCfg = Release|Any CPU
		{A40BAC58-7AF7-45B5-92F9-CF3AD01BA441}.Release|Any CPU.Build.0 = Release|Any CPU
		{E94AE813-9A32-4F89-BEB0-936E06755B9E}.Debug|Any CPU.ActiveCfg = Debug|Any CPU
		{E94AE813-9A32-4F89-BEB0-936E06755B9E}.Debug|Any CPU.Build.0 = Debug|Any CPU
		{E94AE813-9A32-4F89-BEB0-936E06755B9E}.Release|Any CPU.ActiveCfg = Release|Any CPU
		{E94AE813-9A32-4F89-BEB0-936E06755B9E}.Release|Any CPU.Build.0 = Release|Any CPU
		{5EC00040-EACE-4E82-A7F6-ABFBD37275F2}.Debug|Any CPU.ActiveCfg = Debug|Any CPU
		{5EC00040-EACE-4E82-A7F6-ABFBD37275F2}.Debug|Any CPU.Build.0 = Debug|Any CPU
		{5EC00040-EACE-4E82-A7F6-ABFBD37275F2}.Release|Any CPU.ActiveCfg = Release|Any CPU
		{5EC00040-EACE-4E82-A7F6-ABFBD37275F2}.Release|Any CPU.Build.0 = Release|Any CPU
	EndGlobalSection
	GlobalSection(SolutionProperties) = preSolution
		HideSolutionNode = FALSE
	EndGlobalSection
	GlobalSection(ExtensibilityGlobals) = postSolution
		SolutionGuid = {722812FE-8B28-4C5D-85AD-6F06334AB354}
	EndGlobalSection
EndGlobal
